
Microsoft Visual Studio Solution File, Format Version 12.00
# Visual Studio Version 17
VisualStudioVersion = 17.4.33205.214
MinimumVisualStudioVersion = 10.0.40219.1
Project("{888888A0-9F3D-457C-B088-3A5042F75D52}") = "12_1_24", "12_1_24\12_1_24.pyproj", "{BB9D6FDB-C1B8-4CE8-8D72-290CCF203C90}"
EndProject
Global
	GlobalSection(SolutionConfigurationPlatforms) = preSolution
		Debug|Any CPU = Debug|Any CPU
		Release|Any CPU = Release|Any CPU
	EndGlobalSection
	GlobalSection(ProjectConfigurationPlatforms) = postSolution
		{BB9D6FDB-C1B8-4CE8-8D72-290CCF203C90}.Debug|Any CPU.ActiveCfg = Debug|Any CPU
		{BB9D6FDB-C1B8-4CE8-8D72-290CCF203C90}.Release|Any CPU.ActiveCfg = Release|Any CPU
	EndGlobalSection
	GlobalSection(SolutionProperties) = preSolution
		HideSolutionNode = FALSE
	EndGlobalSection
	GlobalSection(ExtensibilityGlobals) = postSolution
		SolutionGuid = {B732F5EC-B629-4025-AF60-034BC1FB5521}
	EndGlobalSection
EndGlobal
